
Microsoft Visual Studio Solution File, Format Version 12.00
# Visual Studio 15
VisualStudioVersion = 15.0.28307.329
MinimumVisualStudioVersion = 10.0.40219.1
Project("{FAE04EC0-301F-11D3-BF4B-00C04F79EFBC}") = "PhotoLabeling", "PhotoLabeling\PhotoLabeling.csproj", "{78E7A123-B2C8-4D8B-BCD9-C9B880D3D8F8}"
EndProject
Global
	GlobalSection(SolutionConfigurationPlatforms) = preSolution
		Debug|Any CPU = Debug|Any CPU
		Release|Any CPU = Release|Any CPU
	EndGlobalSection
	GlobalSection(ProjectConfigurationPlatforms) = postSolution
		{78E7A123-B2C8-4D8B-BCD9-C9B880D3D8F8}.Debug|Any CPU.ActiveCfg = Debug|Any CPU
		{78E7A123-B2C8-4D8B-BCD9-C9B880D3D8F8}.Debug|Any CPU.Build.0 = Debug|Any CPU
		{78E7A123-B2C8-4D8B-BCD9-C9B880D3D8F8}.Release|Any CPU.ActiveCfg = Release|Any CPU
		{78E7A123-B2C8-4D8B-BCD9-C9B880D3D8F8}.Release|Any CPU.Build.0 = Release|Any CPU
	EndGlobalSection
	GlobalSection(SolutionProperties) = preSolution
		HideSolutionNode = FALSE
	EndGlobalSection
	GlobalSection(ExtensibilityGlobals) = postSolution
		SolutionGuid = {838A15A3-05FD-4894-866A-3DA447904891}
	EndGlobalSection
EndGlobal
